
Microsoft Visual Studio Solution File, Format Version 12.00
# Visual Studio Version 17
VisualStudioVersion = 17.3.32811.315
MinimumVisualStudioVersion = 10.0.40219.1
Project("{FAE04EC0-301F-11D3-BF4B-00C04F79EFBC}") = "LibroContable", "LibroContable\LibroContable.csproj", "{B55842A3-53D0-4CBC-9F59-09EE8E82930E}"
EndProject
Global
	GlobalSection(SolutionConfigurationPlatforms) = preSolution
		Debug|Any CPU = Debug|Any CPU
		Release|Any CPU = Release|Any CPU
	EndGlobalSection
	GlobalSection(ProjectConfigurationPlatforms) = postSolution
		{B55842A3-53D0-4CBC-9F59-09EE8E82930E}.Debug|Any CPU.ActiveCfg = Debug|Any CPU
		{B55842A3-53D0-4CBC-9F59-09EE8E82930E}.Debug|Any CPU.Build.0 = Debug|Any CPU
		{B55842A3-53D0-4CBC-9F59-09EE8E82930E}.Release|Any CPU.ActiveCfg = Release|Any CPU
		{B55842A3-53D0-4CBC-9F59-09EE8E82930E}.Release|Any CPU.Build.0 = Release|Any CPU
	EndGlobalSection
	GlobalSection(SolutionProperties) = preSolution
		HideSolutionNode = FALSE
	EndGlobalSection
	GlobalSection(ExtensibilityGlobals) = postSolution
		SolutionGuid = {476CF0C7-42FB-4FA4-93BF-65D19B995640}
	EndGlobalSection
EndGlobal
